{
  "name": "adminpagepatchcolumns",
  "version": "1.0.0",
  "lockfileVersion": 1,
  "requires": true,
  "dependencies": {
    "@types/jquery": {
      "version": "3.5.5",
      "resolved": "https://registry.npmjs.org/@types/jquery/-/jquery-3.5.5.tgz",
      "integrity": "sha512-6RXU9Xzpc6vxNrS6FPPapN1SxSHgQ336WC6Jj/N8q30OiaBZ00l1GBgeP7usjVZPivSkGUfL1z/WW6TX989M+w==",
      "dev": true,
      "requires": {
        "@types/sizzle": "*"
      }
    },
    "@types/jquery.ui.datetimepicker": {
      "version": "0.3.29",
      "resolved": "https://registry.npmjs.org/@types/jquery.ui.datetimepicker/-/jquery.ui.datetimepicker-0.3.29.tgz",
      "integrity": "sha512-MRlHXPNCP7U3+W2o6S1nfPAyK17ChgdvkQAsilM3ZwoIWG5znnQ9Zrx5tZZ6JlH1Ac2cT0w8mJwOpDi178qh6A==",
      "dev": true,
      "requires": {
        "@types/jquery": "*",
        "@types/jqueryui": "*"
      }
    },
    "@types/jqueryui": {
      "version": "1.12.15",
      "resolved": "https://registry.npmjs.org/@types/jqueryui/-/jqueryui-1.12.15.tgz",
      "integrity": "sha512-993YPaPj06yrUB1GOLZukmryIbA+blkrUzF+TZfP0BkLFnz+JA6H1pde4FtxYpDilgt9o/iPYEpN2KT0MMTNfg==",
      "dev": true,
      "requires": {
        "@types/jquery": "*"
      }
    },
    "@types/sizzle": {
      "version": "2.3.2",
      "resolved": "https://registry.npmjs.org/@types/sizzle/-/sizzle-2.3.2.tgz",
      "integrity": "sha512-7EJYyKTL7tFR8+gDbB6Wwz/arpGa0Mywk1TJbNzKzHtzbwVmY4HR9WqS5VV7dsBUKQmPNr192jHr/VpBluj/hg==",
      "dev": true
    },
    "prettier": {
      "version": "2.2.1",
      "resolved": "https://registry.npmjs.org/prettier/-/prettier-2.2.1.tgz",
      "integrity": "sha512-PqyhM2yCjg/oKkFPtTGUojv7gnZAoG80ttl45O6x2Ug/rMJw4wcc9k6aaf2hibP7BGVCCM33gZoGjyvt9mm16Q==",
      "dev": true
    },
    "typescript": {
      "version": "4.2.2",
      "resolved": "https://registry.npmjs.org/typescript/-/typescript-4.2.2.tgz",
      "integrity": "sha512-tbb+NVrLfnsJy3M59lsDgrzWIflR4d4TIUjz+heUnHZwdF7YsrMTKoRERiIvI2lvBG95dfpLxB21WZhys1bgaQ==",
      "dev": true
    }
  }
}
